
Microsoft Visual Studio Solution File, Format Version 12.00
# Visual Studio Version 17
VisualStudioVersion = 17.13.35825.156 d17.13
MinimumVisualStudioVersion = 10.0.40219.1
Project("{FAE04EC0-301F-11D3-BF4B-00C04F79EFBC}") = "EmailWorkerService", "EmailWorkerService.csproj", "{4AC5AEEE-E39D-8E93-9EE3-58443C681DEF}"
EndProject
Global
	GlobalSection(SolutionConfigurationPlatforms) = preSolution
		Debug|Any CPU = Debug|Any CPU
		Release|Any CPU = Release|Any CPU
	EndGlobalSection
	GlobalSection(ProjectConfigurationPlatforms) = postSolution
		{4AC5AEEE-E39D-8E93-9EE3-58443C681DEF}.Debug|Any CPU.ActiveCfg = Debug|Any CPU
		{4AC5AEEE-E39D-8E93-9EE3-58443C681DEF}.Debug|Any CPU.Build.0 = Debug|Any CPU
		{4AC5AEEE-E39D-8E93-9EE3-58443C681DEF}.Release|Any CPU.ActiveCfg = Release|Any CPU
		{4AC5AEEE-E39D-8E93-9EE3-58443C681DEF}.Release|Any CPU.Build.0 = Release|Any CPU
	EndGlobalSection
	GlobalSection(SolutionProperties) = preSolution
		HideSolutionNode = FALSE
	EndGlobalSection
	GlobalSection(ExtensibilityGlobals) = postSolution
		SolutionGuid = {64A77EC1-84BD-46C6-92C1-7A0F907442AF}
	EndGlobalSection
EndGlobal
